
Microsoft Visual Studio Solution File, Format Version 12.00
# Visual Studio Version 16
VisualStudioVersion = 16.0.31321.278
MinimumVisualStudioVersion = 10.0.40219.1
Project("{FAE04EC0-301F-11D3-BF4B-00C04F79EFBC}") = "ConsoleApp18", "ConsoleApp18\ConsoleApp18.csproj", "{F1942242-36F0-47D7-9898-737F049EE430}"
EndProject
Global
	GlobalSection(SolutionConfigurationPlatforms) = preSolution
		Debug|Any CPU = Debug|Any CPU
		Release|Any CPU = Release|Any CPU
	EndGlobalSection
	GlobalSection(ProjectConfigurationPlatforms) = postSolution
		{F1942242-36F0-47D7-9898-737F049EE430}.Debug|Any CPU.ActiveCfg = Debug|Any CPU
		{F1942242-36F0-47D7-9898-737F049EE430}.Debug|Any CPU.Build.0 = Debug|Any CPU
		{F1942242-36F0-47D7-9898-737F049EE430}.Release|Any CPU.ActiveCfg = Release|Any CPU
		{F1942242-36F0-47D7-9898-737F049EE430}.Release|Any CPU.Build.0 = Release|Any CPU
	EndGlobalSection
	GlobalSection(SolutionProperties) = preSolution
		HideSolutionNode = FALSE
	EndGlobalSection
	GlobalSection(ExtensibilityGlobals) = postSolution
		SolutionGuid = {A6F962BC-D6C2-486A-ACC0-2C6B12EA0BFF}
	EndGlobalSection
EndGlobal
